{
  "name": "energy-bill-ai-parser",
  "lockfileVersion": 3,
  "requires": true,
  "packages": {
    "": {
      "dependencies": {
        "gitpagedocs": "^1.1.19"
      }
    },
    "node_modules/gitpagedocs": {
      "version": "1.1.19",
      "resolved": "https://registry.npmjs.org/gitpagedocs/-/gitpagedocs-1.1.19.tgz",
      "integrity": "sha512-SR80NWNv46jRPGLRl2PBqcyfLXZyg5nfKOxv1kZM70qDSq2YnQBC2vwAwWuQzVWt5hHy+ViPichp/TuzOwHvRg==",
      "license": "ISC",
      "bin": {
        "gitpagedocs": "scripts/gitpagedocs-init.mjs"
      }
    }
  }
}
