{
  "name": "energy-bill-ai-parser",
  "lockfileVersion": 3,
  "requires": true,
  "packages": {
    "": {
      "dependencies": {
        "gitpagedocs": "^1.1.21"
      }
    },
    "node_modules/gitpagedocs": {
      "version": "1.1.21",
      "resolved": "https://registry.npmjs.org/gitpagedocs/-/gitpagedocs-1.1.21.tgz",
      "integrity": "sha512-rE+K2DE9UdY8mid3vhNlvKX0wP4I4y+AVtKDJkhr06MHIfgrbtdNNSFKOafZk0/AdxRLvThl9PhkIUQU1YYE7Q==",
      "license": "ISC",
      "bin": {
        "gitpagedocs": "scripts/gitpagedocs-init.mjs"
      }
    }
  }
}
